
Microsoft Visual Studio Solution File, Format Version 12.00
# Visual Studio Version 16
VisualStudioVersion = 16.0.30114.105
MinimumVisualStudioVersion = 10.0.40219.1
Project("{FAE04EC0-301F-11D3-BF4B-00C04F79EFBC}") = "API", "API\API.csproj", "{8137205B-0F89-40B6-A491-4D55977DD7D4}"
EndProject
Project("{FAE04EC0-301F-11D3-BF4B-00C04F79EFBC}") = "Application", "Application\Application.csproj", "{CDAA7013-3ED1-4033-8B77-B64AAFD2CD65}"
EndProject
Project("{FAE04EC0-301F-11D3-BF4B-00C04F79EFBC}") = "Persistence", "Persistence\Persistence.csproj", "{84EBEAAE-C49D-4F17-AA5B-2CD978EA8C99}"
EndProject
Project("{FAE04EC0-301F-11D3-BF4B-00C04F79EFBC}") = "Domain", "Domain\Domain.csproj", "{362DB183-6C51-4E6A-A554-2996AC5F8B03}"
EndProject
Global
	GlobalSection(SolutionConfigurationPlatforms) = preSolution
		Debug|Any CPU = Debug|Any CPU
		Release|Any CPU = Release|Any CPU
	EndGlobalSection
	GlobalSection(SolutionProperties) = preSolution
		HideSolutionNode = FALSE
	EndGlobalSection
	GlobalSection(ProjectConfigurationPlatforms) = postSolution
		{8137205B-0F89-40B6-A491-4D55977DD7D4}.Debug|Any CPU.ActiveCfg = Debug|Any CPU
		{8137205B-0F89-40B6-A491-4D55977DD7D4}.Debug|Any CPU.Build.0 = Debug|Any CPU
		{8137205B-0F89-40B6-A491-4D55977DD7D4}.Release|Any CPU.ActiveCfg = Release|Any CPU
		{8137205B-0F89-40B6-A491-4D55977DD7D4}.Release|Any CPU.Build.0 = Release|Any CPU
		{CDAA7013-3ED1-4033-8B77-B64AAFD2CD65}.Debug|Any CPU.ActiveCfg = Debug|Any CPU
		{CDAA7013-3ED1-4033-8B77-B64AAFD2CD65}.Debug|Any CPU.Build.0 = Debug|Any CPU
		{CDAA7013-3ED1-4033-8B77-B64AAFD2CD65}.Release|Any CPU.ActiveCfg = Release|Any CPU
		{CDAA7013-3ED1-4033-8B77-B64AAFD2CD65}.Release|Any CPU.Build.0 = Release|Any CPU
		{84EBEAAE-C49D-4F17-AA5B-2CD978EA8C99}.Debug|Any CPU.ActiveCfg = Debug|Any CPU
		{84EBEAAE-C49D-4F17-AA5B-2CD978EA8C99}.Debug|Any CPU.Build.0 = Debug|Any CPU
		{84EBEAAE-C49D-4F17-AA5B-2CD978EA8C99}.Release|Any CPU.ActiveCfg = Release|Any CPU
		{84EBEAAE-C49D-4F17-AA5B-2CD978EA8C99}.Release|Any CPU.Build.0 = Release|Any CPU
		{362DB183-6C51-4E6A-A554-2996AC5F8B03}.Debug|Any CPU.ActiveCfg = Debug|Any CPU
		{362DB183-6C51-4E6A-A554-2996AC5F8B03}.Debug|Any CPU.Build.0 = Debug|Any CPU
		{362DB183-6C51-4E6A-A554-2996AC5F8B03}.Release|Any CPU.ActiveCfg = Release|Any CPU
		{362DB183-6C51-4E6A-A554-2996AC5F8B03}.Release|Any CPU.Build.0 = Release|Any CPU
	EndGlobalSection
EndGlobal
